
Microsoft Visual Studio Solution File, Format Version 12.00
# Visual Studio Version 17
VisualStudioVersion = 17.4.33213.308
MinimumVisualStudioVersion = 10.0.40219.1
Project("{FAE04EC0-301F-11D3-BF4B-00C04F79EFBC}") = "BuilderExample", "BuilderExample\BuilderExample.csproj", "{5905998C-1BFE-40AE-998B-5EB5C68D4D4D}"
EndProject
Global
	GlobalSection(SolutionConfigurationPlatforms) = preSolution
		Debug|Any CPU = Debug|Any CPU
		Release|Any CPU = Release|Any CPU
	EndGlobalSection
	GlobalSection(ProjectConfigurationPlatforms) = postSolution
		{5905998C-1BFE-40AE-998B-5EB5C68D4D4D}.Debug|Any CPU.ActiveCfg = Debug|Any CPU
		{5905998C-1BFE-40AE-998B-5EB5C68D4D4D}.Debug|Any CPU.Build.0 = Debug|Any CPU
		{5905998C-1BFE-40AE-998B-5EB5C68D4D4D}.Release|Any CPU.ActiveCfg = Release|Any CPU
		{5905998C-1BFE-40AE-998B-5EB5C68D4D4D}.Release|Any CPU.Build.0 = Release|Any CPU
	EndGlobalSection
	GlobalSection(SolutionProperties) = preSolution
		HideSolutionNode = FALSE
	EndGlobalSection
	GlobalSection(ExtensibilityGlobals) = postSolution
		SolutionGuid = {8AAA3ACB-1C41-4F3F-96AA-FCFF20028599}
	EndGlobalSection
EndGlobal
